
Microsoft Visual Studio Solution File, Format Version 12.00
# Visual Studio Version 16
VisualStudioVersion = 16.0.30907.101
MinimumVisualStudioVersion = 10.0.40219.1
Project("{FAE04EC0-301F-11D3-BF4B-00C04F79EFBC}") = "MathsLibrary", "MathsLibrary\MathsLibrary.csproj", "{D5F1338C-AFFB-4559-A5E9-181D34B67CF4}"
EndProject
Project("{FAE04EC0-301F-11D3-BF4B-00C04F79EFBC}") = "MathsLibraryClient", "MathsLibraryClient\MathsLibraryClient.csproj", "{4EA8F533-BA9F-4CCA-B46F-CDD394766462}"
	ProjectSection(ProjectDependencies) = postProject
		{D5F1338C-AFFB-4559-A5E9-181D34B67CF4} = {D5F1338C-AFFB-4559-A5E9-181D34B67CF4}
	EndProjectSection
EndProject
Global
	GlobalSection(SolutionConfigurationPlatforms) = preSolution
		Debug|Any CPU = Debug|Any CPU
		Release|Any CPU = Release|Any CPU
	EndGlobalSection
	GlobalSection(ProjectConfigurationPlatforms) = postSolution
		{D5F1338C-AFFB-4559-A5E9-181D34B67CF4}.Debug|Any CPU.ActiveCfg = Debug|Any CPU
		{D5F1338C-AFFB-4559-A5E9-181D34B67CF4}.Debug|Any CPU.Build.0 = Debug|Any CPU
		{D5F1338C-AFFB-4559-A5E9-181D34B67CF4}.Release|Any CPU.ActiveCfg = Release|Any CPU
		{D5F1338C-AFFB-4559-A5E9-181D34B67CF4}.Release|Any CPU.Build.0 = Release|Any CPU
		{4EA8F533-BA9F-4CCA-B46F-CDD394766462}.Debug|Any CPU.ActiveCfg = Debug|Any CPU
		{4EA8F533-BA9F-4CCA-B46F-CDD394766462}.Debug|Any CPU.Build.0 = Debug|Any CPU
		{4EA8F533-BA9F-4CCA-B46F-CDD394766462}.Release|Any CPU.ActiveCfg = Release|Any CPU
		{4EA8F533-BA9F-4CCA-B46F-CDD394766462}.Release|Any CPU.Build.0 = Release|Any CPU
	EndGlobalSection
	GlobalSection(SolutionProperties) = preSolution
		HideSolutionNode = FALSE
	EndGlobalSection
	GlobalSection(ExtensibilityGlobals) = postSolution
		SolutionGuid = {E74EED9D-BA68-4379-B33B-2CABB0C0DA00}
	EndGlobalSection
EndGlobal
